
Microsoft Visual Studio Solution File, Format Version 12.00
# Visual Studio Version 17
VisualStudioVersion = 17.3.32819.101
MinimumVisualStudioVersion = 10.0.40219.1
Project("{2150E333-8FDC-42A3-9474-1A3956D46DE8}") = "src", "src", "{91276415-EFBC-4234-95DF-8A0006F8A3F1}"
EndProject
Project("{2150E333-8FDC-42A3-9474-1A3956D46DE8}") = "demoProjects", "demoProjects", "{D4C15515-3EFE-4A78-949F-E00F85B4F3BB}"
EndProject
Project("{2150E333-8FDC-42A3-9474-1A3956D46DE8}") = "Kodlama.io.Devs", "Kodlama.io.Devs", "{5B4125C5-7172-4FFA-AD37-CA9764B4AB7F}"
EndProject
Project("{9A19103F-16F7-4668-BE54-9A1E7A4F7556}") = "WebAPI", "src\demoProjects\Kodlama.io.Devs\WebAPI\WebAPI.csproj", "{D12F9846-5963-4587-891C-2A99952517D9}"
EndProject
Project("{2150E333-8FDC-42A3-9474-1A3956D46DE8}") = "corePackages", "corePackages", "{842BD195-50DB-4333-8665-15569FA91215}"
EndProject
Project("{9A19103F-16F7-4668-BE54-9A1E7A4F7556}") = "Core.Application", "src\corePackages\Core.Application\Core.Application.csproj", "{A07E1F86-9FEF-48CC-BB2B-4D3155C09456}"
EndProject
Project("{9A19103F-16F7-4668-BE54-9A1E7A4F7556}") = "Core.CrossCuttingConcerns", "src\corePackages\Core.CrossCuttingConcers\Core.CrossCuttingConcerns.csproj", "{C226E9A5-3090-4D89-BB0D-F01133795DAA}"
EndProject
Project("{9A19103F-16F7-4668-BE54-9A1E7A4F7556}") = "Core.ElasticSearch", "src\corePackages\Core.ElasticSearch\Core.ElasticSearch.csproj", "{B3671F0E-8B75-4B5B-9798-84E86C894739}"
EndProject
Project("{9A19103F-16F7-4668-BE54-9A1E7A4F7556}") = "Core.Mailing", "src\corePackages\Core.Mailing\Core.Mailing.csproj", "{C0C5203E-80E5-479F-80B1-9D653C00E9C6}"
EndProject
Project("{9A19103F-16F7-4668-BE54-9A1E7A4F7556}") = "Core.Persistence", "src\corePackages\Core.Persistence\Core.Persistence.csproj", "{201F782D-63A2-46B2-8A60-0239F0372646}"
EndProject
Project("{9A19103F-16F7-4668-BE54-9A1E7A4F7556}") = "Core.Security", "src\corePackages\Core.Security\Core.Security.csproj", "{BA050478-A6F8-429B-A40D-F399ECDBF54F}"
EndProject
Project("{FAE04EC0-301F-11D3-BF4B-00C04F79EFBC}") = "Application", "src\demoProjects\Kodlama.io.Devs\Application\Application.csproj", "{1247F4A3-695B-418F-A3FC-F155C44B7486}"
EndProject
Project("{FAE04EC0-301F-11D3-BF4B-00C04F79EFBC}") = "Persistence", "src\demoProjects\Kodlama.io.Devs\Persistence\Persistence.csproj", "{9829836F-D947-44A7-8859-3DD4E843684F}"
EndProject
Project("{FAE04EC0-301F-11D3-BF4B-00C04F79EFBC}") = "Domain", "src\demoProjects\Kodlama.io.Devs\Domain\Domain.csproj", "{C7329D8E-9F62-4CB9-BD84-6EA3F001BB6D}"
EndProject
Project("{FAE04EC0-301F-11D3-BF4B-00C04F79EFBC}") = "Infrastructure", "src\demoProjects\Kodlama.io.Devs\Infrastructure\Infrastructure.csproj", "{5EA33905-5D26-491E-BAC2-B46C086A5E4F}"
EndProject
Global
	GlobalSection(SolutionConfigurationPlatforms) = preSolution
		Debug|Any CPU = Debug|Any CPU
		Release|Any CPU = Release|Any CPU
	EndGlobalSection
	GlobalSection(ProjectConfigurationPlatforms) = postSolution
		{D12F9846-5963-4587-891C-2A99952517D9}.Debug|Any CPU.ActiveCfg = Debug|Any CPU
		{D12F9846-5963-4587-891C-2A99952517D9}.Debug|Any CPU.Build.0 = Debug|Any CPU
		{D12F9846-5963-4587-891C-2A99952517D9}.Release|Any CPU.ActiveCfg = Release|Any CPU
		{D12F9846-5963-4587-891C-2A99952517D9}.Release|Any CPU.Build.0 = Release|Any CPU
		{A07E1F86-9FEF-48CC-BB2B-4D3155C09456}.Debug|Any CPU.ActiveCfg = Debug|Any CPU
		{A07E1F86-9FEF-48CC-BB2B-4D3155C09456}.Debug|Any CPU.Build.0 = Debug|Any CPU
		{A07E1F86-9FEF-48CC-BB2B-4D3155C09456}.Release|Any CPU.ActiveCfg = Release|Any CPU
		{A07E1F86-9FEF-48CC-BB2B-4D3155C09456}.Release|Any CPU.Build.0 = Release|Any CPU
		{C226E9A5-3090-4D89-BB0D-F01133795DAA}.Debug|Any CPU.ActiveCfg = Debug|Any CPU
		{C226E9A5-3090-4D89-BB0D-F01133795DAA}.Debug|Any CPU.Build.0 = Debug|Any CPU
		{C226E9A5-3090-4D89-BB0D-F01133795DAA}.Release|Any CPU.ActiveCfg = Release|Any CPU
		{C226E9A5-3090-4D89-BB0D-F01133795DAA}.Release|Any CPU.Build.0 = Release|Any CPU
		{B3671F0E-8B75-4B5B-9798-84E86C894739}.Debug|Any CPU.ActiveCfg = Debug|Any CPU
		{B3671F0E-8B75-4B5B-9798-84E86C894739}.Debug|Any CPU.Build.0 = Debug|Any CPU
		{B3671F0E-8B75-4B5B-9798-84E86C894739}.Release|Any CPU.ActiveCfg = Release|Any CPU
		{B3671F0E-8B75-4B5B-9798-84E86C894739}.Release|Any CPU.Build.0 = Release|Any CPU
		{C0C5203E-80E5-479F-80B1-9D653C00E9C6}.Debug|Any CPU.ActiveCfg = Debug|Any CPU
		{C0C5203E-80E5-479F-80B1-9D653C00E9C6}.Debug|Any CPU.Build.0 = Debug|Any CPU
		{C0C5203E-80E5-479F-80B1-9D653C00E9C6}.Release|Any CPU.ActiveCfg = Release|Any CPU
		{C0C5203E-80E5-479F-80B1-9D653C00E9C6}.Release|Any CPU.Build.0 = Release|Any CPU
		{201F782D-63A2-46B2-8A60-0239F0372646}.Debug|Any CPU.ActiveCfg = Debug|Any CPU
		{201F782D-63A2-46B2-8A60-0239F0372646}.Debug|Any CPU.Build.0 = Debug|Any CPU
		{201F782D-63A2-46B2-8A60-0239F0372646}.Release|Any CPU.ActiveCfg = Release|Any CPU
		{201F782D-63A2-46B2-8A60-0239F0372646}.Release|Any CPU.Build.0 = Release|Any CPU
		{BA050478-A6F8-429B-A40D-F399ECDBF54F}.Debug|Any CPU.ActiveCfg = Debug|Any CPU
		{BA050478-A6F8-429B-A40D-F399ECDBF54F}.Debug|Any CPU.Build.0 = Debug|Any CPU
		{BA050478-A6F8-429B-A40D-F399ECDBF54F}.Release|Any CPU.ActiveCfg = Release|Any CPU
		{BA050478-A6F8-429B-A40D-F399ECDBF54F}.Release|Any CPU.Build.0 = Release|Any CPU
		{1247F4A3-695B-418F-A3FC-F155C44B7486}.Debug|Any CPU.ActiveCfg = Debug|Any CPU
		{1247F4A3-695B-418F-A3FC-F155C44B7486}.Debug|Any CPU.Build.0 = Debug|Any CPU
		{1247F4A3-695B-418F-A3FC-F155C44B7486}.Release|Any CPU.ActiveCfg = Release|Any CPU
		{1247F4A3-695B-418F-A3FC-F155C44B7486}.Release|Any CPU.Build.0 = Release|Any CPU
		{9829836F-D947-44A7-8859-3DD4E843684F}.Debug|Any CPU.ActiveCfg = Debug|Any CPU
		{9829836F-D947-44A7-8859-3DD4E843684F}.Debug|Any CPU.Build.0 = Debug|Any CPU
		{9829836F-D947-44A7-8859-3DD4E843684F}.Release|Any CPU.ActiveCfg = Release|Any CPU
		{9829836F-D947-44A7-8859-3DD4E843684F}.Release|Any CPU.Build.0 = Release|Any CPU
		{C7329D8E-9F62-4CB9-BD84-6EA3F001BB6D}.Debug|Any CPU.ActiveCfg = Debug|Any CPU
		{C7329D8E-9F62-4CB9-BD84-6EA3F001BB6D}.Debug|Any CPU.Build.0 = Debug|Any CPU
		{C7329D8E-9F62-4CB9-BD84-6EA3F001BB6D}.Release|Any CPU.ActiveCfg = Release|Any CPU
		{C7329D8E-9F62-4CB9-BD84-6EA3F001BB6D}.Release|Any CPU.Build.0 = Release|Any CPU
		{5EA33905-5D26-491E-BAC2-B46C086A5E4F}.Debug|Any CPU.ActiveCfg = Debug|Any CPU
		{5EA33905-5D26-491E-BAC2-B46C086A5E4F}.Debug|Any CPU.Build.0 = Debug|Any CPU
		{5EA33905-5D26-491E-BAC2-B46C086A5E4F}.Release|Any CPU.ActiveCfg = Release|Any CPU
		{5EA33905-5D26-491E-BAC2-B46C086A5E4F}.Release|Any CPU.Build.0 = Release|Any CPU
	EndGlobalSection
	GlobalSection(SolutionProperties) = preSolution
		HideSolutionNode = FALSE
	EndGlobalSection
	GlobalSection(NestedProjects) = preSolution
		{D4C15515-3EFE-4A78-949F-E00F85B4F3BB} = {91276415-EFBC-4234-95DF-8A0006F8A3F1}
		{5B4125C5-7172-4FFA-AD37-CA9764B4AB7F} = {D4C15515-3EFE-4A78-949F-E00F85B4F3BB}
		{D12F9846-5963-4587-891C-2A99952517D9} = {5B4125C5-7172-4FFA-AD37-CA9764B4AB7F}
		{842BD195-50DB-4333-8665-15569FA91215} = {91276415-EFBC-4234-95DF-8A0006F8A3F1}
		{A07E1F86-9FEF-48CC-BB2B-4D3155C09456} = {842BD195-50DB-4333-8665-15569FA91215}
		{C226E9A5-3090-4D89-BB0D-F01133795DAA} = {842BD195-50DB-4333-8665-15569FA91215}
		{B3671F0E-8B75-4B5B-9798-84E86C894739} = {842BD195-50DB-4333-8665-15569FA91215}
		{C0C5203E-80E5-479F-80B1-9D653C00E9C6} = {842BD195-50DB-4333-8665-15569FA91215}
		{201F782D-63A2-46B2-8A60-0239F0372646} = {842BD195-50DB-4333-8665-15569FA91215}
		{BA050478-A6F8-429B-A40D-F399ECDBF54F} = {842BD195-50DB-4333-8665-15569FA91215}
		{1247F4A3-695B-418F-A3FC-F155C44B7486} = {5B4125C5-7172-4FFA-AD37-CA9764B4AB7F}
		{9829836F-D947-44A7-8859-3DD4E843684F} = {5B4125C5-7172-4FFA-AD37-CA9764B4AB7F}
		{C7329D8E-9F62-4CB9-BD84-6EA3F001BB6D} = {5B4125C5-7172-4FFA-AD37-CA9764B4AB7F}
		{5EA33905-5D26-491E-BAC2-B46C086A5E4F} = {5B4125C5-7172-4FFA-AD37-CA9764B4AB7F}
	EndGlobalSection
	GlobalSection(ExtensibilityGlobals) = postSolution
		SolutionGuid = {57BA45E5-B578-4E2B-8999-057CE096EC90}
	EndGlobalSection
EndGlobal
